
Microsoft Visual Studio Solution File, Format Version 12.00
# Visual Studio 2013
VisualStudioVersion = 12.0.31101.0
MinimumVisualStudioVersion = 10.0.40219.1
Project("{FAE04EC0-301F-11D3-BF4B-00C04F79EFBC}") = "AET", "AET\AET.csproj", "{3F5FA568-4D8E-41EA-9550-F3533F17DB29}"
EndProject
Project("{2150E333-8FDC-42A3-9474-1A3956D46DE8}") = ".nuget", ".nuget", "{A03F205D-A96F-425F-BF00-22D7C516991C}"
	ProjectSection(SolutionItems) = preProject
		.nuget\NuGet.Config = .nuget\NuGet.Config
		.nuget\NuGet.exe = .nuget\NuGet.exe
		.nuget\NuGet.targets = .nuget\NuGet.targets
	EndProjectSection
EndProject
Project("{FAE04EC0-301F-11D3-BF4B-00C04F79EFBC}") = "MongoRepository", "MongoRepository\MongoRepository.csproj", "{AED153C5-BB5F-4649-8F48-932C77E74664}"
EndProject
Project("{FAE04EC0-301F-11D3-BF4B-00C04F79EFBC}") = "Repository", "Repository\Repository.csproj", "{D3747B14-514C-4230-95B1-D4A7211FF072}"
EndProject
Project("{FAE04EC0-301F-11D3-BF4B-00C04F79EFBC}") = "Models", "Models\Models.csproj", "{627026C7-56C0-439F-ADE3-16982BDBBC78}"
EndProject
Project("{FAE04EC0-301F-11D3-BF4B-00C04F79EFBC}") = "Unituness", "Unituness\Unituness.csproj", "{C6A5CA44-42EE-4BB9-A21B-06433E6A605F}"
EndProject
Project("{FAE04EC0-301F-11D3-BF4B-00C04F79EFBC}") = "MongoDB.Driver", "MongoDB.Driver\MongoDB.Driver.csproj", "{AE5166CD-76B0-4911-BD80-CED9521F37A1}"
EndProject
Project("{FAE04EC0-301F-11D3-BF4B-00C04F79EFBC}") = "MongoDB.Bson", "MongoDB.Bson\MongoDB.Bson.csproj", "{0E9A3A2A-49CD-4F6C-847C-DC79B4B65CE6}"
EndProject
Global
	GlobalSection(SolutionConfigurationPlatforms) = preSolution
		Debug|Any CPU = Debug|Any CPU
		Release|Any CPU = Release|Any CPU
	EndGlobalSection
	GlobalSection(ProjectConfigurationPlatforms) = postSolution
		{3F5FA568-4D8E-41EA-9550-F3533F17DB29}.Debug|Any CPU.ActiveCfg = Debug|Any CPU
		{3F5FA568-4D8E-41EA-9550-F3533F17DB29}.Debug|Any CPU.Build.0 = Debug|Any CPU
		{3F5FA568-4D8E-41EA-9550-F3533F17DB29}.Release|Any CPU.ActiveCfg = Release|Any CPU
		{3F5FA568-4D8E-41EA-9550-F3533F17DB29}.Release|Any CPU.Build.0 = Release|Any CPU
		{AED153C5-BB5F-4649-8F48-932C77E74664}.Debug|Any CPU.ActiveCfg = Debug|Any CPU
		{AED153C5-BB5F-4649-8F48-932C77E74664}.Debug|Any CPU.Build.0 = Debug|Any CPU
		{AED153C5-BB5F-4649-8F48-932C77E74664}.Release|Any CPU.ActiveCfg = Release|Any CPU
		{AED153C5-BB5F-4649-8F48-932C77E74664}.Release|Any CPU.Build.0 = Release|Any CPU
		{D3747B14-514C-4230-95B1-D4A7211FF072}.Debug|Any CPU.ActiveCfg = Debug|Any CPU
		{D3747B14-514C-4230-95B1-D4A7211FF072}.Debug|Any CPU.Build.0 = Debug|Any CPU
		{D3747B14-514C-4230-95B1-D4A7211FF072}.Release|Any CPU.ActiveCfg = Release|Any CPU
		{D3747B14-514C-4230-95B1-D4A7211FF072}.Release|Any CPU.Build.0 = Release|Any CPU
		{627026C7-56C0-439F-ADE3-16982BDBBC78}.Debug|Any CPU.ActiveCfg = Debug|Any CPU
		{627026C7-56C0-439F-ADE3-16982BDBBC78}.Debug|Any CPU.Build.0 = Debug|Any CPU
		{627026C7-56C0-439F-ADE3-16982BDBBC78}.Release|Any CPU.ActiveCfg = Release|Any CPU
		{627026C7-56C0-439F-ADE3-16982BDBBC78}.Release|Any CPU.Build.0 = Release|Any CPU
		{C6A5CA44-42EE-4BB9-A21B-06433E6A605F}.Debug|Any CPU.ActiveCfg = Debug|Any CPU
		{C6A5CA44-42EE-4BB9-A21B-06433E6A605F}.Debug|Any CPU.Build.0 = Debug|Any CPU
		{C6A5CA44-42EE-4BB9-A21B-06433E6A605F}.Release|Any CPU.ActiveCfg = Release|Any CPU
		{C6A5CA44-42EE-4BB9-A21B-06433E6A605F}.Release|Any CPU.Build.0 = Release|Any CPU
		{AE5166CD-76B0-4911-BD80-CED9521F37A1}.Debug|Any CPU.ActiveCfg = Debug|Any CPU
		{AE5166CD-76B0-4911-BD80-CED9521F37A1}.Debug|Any CPU.Build.0 = Debug|Any CPU
		{AE5166CD-76B0-4911-BD80-CED9521F37A1}.Release|Any CPU.ActiveCfg = Release|Any CPU
		{AE5166CD-76B0-4911-BD80-CED9521F37A1}.Release|Any CPU.Build.0 = Release|Any CPU
		{0E9A3A2A-49CD-4F6C-847C-DC79B4B65CE6}.Debug|Any CPU.ActiveCfg = Debug|Any CPU
		{0E9A3A2A-49CD-4F6C-847C-DC79B4B65CE6}.Debug|Any CPU.Build.0 = Debug|Any CPU
		{0E9A3A2A-49CD-4F6C-847C-DC79B4B65CE6}.Release|Any CPU.ActiveCfg = Release|Any CPU
		{0E9A3A2A-49CD-4F6C-847C-DC79B4B65CE6}.Release|Any CPU.Build.0 = Release|Any CPU
	EndGlobalSection
	GlobalSection(SolutionProperties) = preSolution
		HideSolutionNode = FALSE
	EndGlobalSection
EndGlobal
